
Microsoft Visual Studio Solution File, Format Version 12.00
# Visual Studio 15
VisualStudioVersion = 15.0.27130.2027
MinimumVisualStudioVersion = 10.0.40219.1
Project("{FAE04EC0-301F-11D3-BF4B-00C04F79EFBC}") = "Accrologo", "Accrologo\Accrologo.csproj", "{87813FBC-1C65-4D95-9C4D-EAAA27013F84}"
EndProject
Global
	GlobalSection(SolutionConfigurationPlatforms) = preSolution
		Debug|Any CPU = Debug|Any CPU
		Release|Any CPU = Release|Any CPU
	EndGlobalSection
	GlobalSection(ProjectConfigurationPlatforms) = postSolution
		{87813FBC-1C65-4D95-9C4D-EAAA27013F84}.Debug|Any CPU.ActiveCfg = Debug|Any CPU
		{87813FBC-1C65-4D95-9C4D-EAAA27013F84}.Debug|Any CPU.Build.0 = Debug|Any CPU
		{87813FBC-1C65-4D95-9C4D-EAAA27013F84}.Release|Any CPU.ActiveCfg = Release|Any CPU
		{87813FBC-1C65-4D95-9C4D-EAAA27013F84}.Release|Any CPU.Build.0 = Release|Any CPU
	EndGlobalSection
	GlobalSection(SolutionProperties) = preSolution
		HideSolutionNode = FALSE
	EndGlobalSection
	GlobalSection(ExtensibilityGlobals) = postSolution
		SolutionGuid = {0FD54D01-00BF-4CB9-821D-B28B7F2E5840}
	EndGlobalSection
EndGlobal
